
Microsoft Visual Studio Solution File, Format Version 12.00
Project("{FAE04EC0-301F-11D3-BF4B-00C04F79EFBC}") = "Api", "Api\Api.csproj", "{B4EC4EEB-FDB2-4877-894F-62711F85484D}"
EndProject
Project("{FAE04EC0-301F-11D3-BF4B-00C04F79EFBC}") = "Domain", "Domain\Domain.csproj", "{E7963629-2341-4FDC-B0E6-6D618714389B}"
EndProject
Project("{FAE04EC0-301F-11D3-BF4B-00C04F79EFBC}") = "DataAccess", "DataAccess\DataAccess.csproj", "{5DDFB95A-ACE5-4E44-AFEB-3659E50F2719}"
EndProject
Project("{FAE04EC0-301F-11D3-BF4B-00C04F79EFBC}") = "Common", "Common\Common.csproj", "{11392A05-6C92-4A65-9E0C-251E7CA636A0}"
EndProject
Global
	GlobalSection(SolutionConfigurationPlatforms) = preSolution
		Debug|Any CPU = Debug|Any CPU
		Release|Any CPU = Release|Any CPU
	EndGlobalSection
	GlobalSection(ProjectConfigurationPlatforms) = postSolution
		{B4EC4EEB-FDB2-4877-894F-62711F85484D}.Debug|Any CPU.ActiveCfg = Debug|Any CPU
		{B4EC4EEB-FDB2-4877-894F-62711F85484D}.Debug|Any CPU.Build.0 = Debug|Any CPU
		{B4EC4EEB-FDB2-4877-894F-62711F85484D}.Release|Any CPU.ActiveCfg = Release|Any CPU
		{B4EC4EEB-FDB2-4877-894F-62711F85484D}.Release|Any CPU.Build.0 = Release|Any CPU
		{E7963629-2341-4FDC-B0E6-6D618714389B}.Debug|Any CPU.ActiveCfg = Debug|Any CPU
		{E7963629-2341-4FDC-B0E6-6D618714389B}.Debug|Any CPU.Build.0 = Debug|Any CPU
		{E7963629-2341-4FDC-B0E6-6D618714389B}.Release|Any CPU.ActiveCfg = Release|Any CPU
		{E7963629-2341-4FDC-B0E6-6D618714389B}.Release|Any CPU.Build.0 = Release|Any CPU
		{5DDFB95A-ACE5-4E44-AFEB-3659E50F2719}.Debug|Any CPU.ActiveCfg = Debug|Any CPU
		{5DDFB95A-ACE5-4E44-AFEB-3659E50F2719}.Debug|Any CPU.Build.0 = Debug|Any CPU
		{5DDFB95A-ACE5-4E44-AFEB-3659E50F2719}.Release|Any CPU.ActiveCfg = Release|Any CPU
		{5DDFB95A-ACE5-4E44-AFEB-3659E50F2719}.Release|Any CPU.Build.0 = Release|Any CPU
		{11392A05-6C92-4A65-9E0C-251E7CA636A0}.Debug|Any CPU.ActiveCfg = Debug|Any CPU
		{11392A05-6C92-4A65-9E0C-251E7CA636A0}.Debug|Any CPU.Build.0 = Debug|Any CPU
		{11392A05-6C92-4A65-9E0C-251E7CA636A0}.Release|Any CPU.ActiveCfg = Release|Any CPU
		{11392A05-6C92-4A65-9E0C-251E7CA636A0}.Release|Any CPU.Build.0 = Release|Any CPU
	EndGlobalSection
EndGlobal
